
Microsoft Visual Studio Solution File, Format Version 12.00
# Visual Studio 15
VisualStudioVersion = 15.0.27004.2005
MinimumVisualStudioVersion = 10.0.40219.1
Project("{FAE04EC0-301F-11D3-BF4B-00C04F79EFBC}") = "MetodaMilne", "MetodaMilne\MetodaMilne.csproj", "{14A78927-2DC8-4F47-BB10-B7F42EF49280}"
EndProject
Global
	GlobalSection(SolutionConfigurationPlatforms) = preSolution
		Debug|Any CPU = Debug|Any CPU
		Release|Any CPU = Release|Any CPU
	EndGlobalSection
	GlobalSection(ProjectConfigurationPlatforms) = postSolution
		{14A78927-2DC8-4F47-BB10-B7F42EF49280}.Debug|Any CPU.ActiveCfg = Debug|Any CPU
		{14A78927-2DC8-4F47-BB10-B7F42EF49280}.Debug|Any CPU.Build.0 = Debug|Any CPU
		{14A78927-2DC8-4F47-BB10-B7F42EF49280}.Release|Any CPU.ActiveCfg = Release|Any CPU
		{14A78927-2DC8-4F47-BB10-B7F42EF49280}.Release|Any CPU.Build.0 = Release|Any CPU
	EndGlobalSection
	GlobalSection(SolutionProperties) = preSolution
		HideSolutionNode = FALSE
	EndGlobalSection
	GlobalSection(ExtensibilityGlobals) = postSolution
		SolutionGuid = {05FE057C-288A-45CD-A30C-AEDF5D15661A}
	EndGlobalSection
EndGlobal
