
Microsoft Visual Studio Solution File, Format Version 12.00
# Visual Studio 15
VisualStudioVersion = 15.0.27004.2005
MinimumVisualStudioVersion = 10.0.40219.1
Project("{FAE04EC0-301F-11D3-BF4B-00C04F79EFBC}") = "InterpolacjaKwadratowa", ".\MetodyNumeryczne\InterpolacjaKwadratowa\InterpolacjaKwadratowa\InterpolacjaKwadratowa.csproj", "{7D56C094-2F84-4C66-940C-AF4EF056412B}"
EndProject
Project("{FAE04EC0-301F-11D3-BF4B-00C04F79EFBC}") = "InterpolacjaLagrange", ".\MetodyNumeryczne\InterpolacjaLagrange\InterpolacjaLagrange\InterpolacjaLagrange.csproj", "{04C42A95-DAF4-4FA2-953B-E3FC6C87C850}"
EndProject
Project("{FAE04EC0-301F-11D3-BF4B-00C04F79EFBC}") = "InterpolacjaLiniowa", ".\MetodyNumeryczne\InterpolacjaLiniowa\InterpolacjaLiniowa\InterpolacjaLiniowa.csproj", "{98BC41F5-6C96-4B44-8AC0-C8A99B70C1F1}"
EndProject
Project("{FAE04EC0-301F-11D3-BF4B-00C04F79EFBC}") = "InterpolacjaNewtona", ".\MetodyNumeryczne\InterpolacjaNewtona\InterpolacjaNewtona\InterpolacjaNewtona.csproj", "{38BD7F5A-5B46-4626-A476-BDB0D929B3DD}"
EndProject
Project("{FAE04EC0-301F-11D3-BF4B-00C04F79EFBC}") = "MetodaBisekcji", ".\MetodyNumeryczne\MetodaBisekcji\MetodaBisekcji\MetodaBisekcji.csproj", "{159B91A8-884D-411E-96B6-B85EC74E83CA}"
EndProject
Project("{FAE04EC0-301F-11D3-BF4B-00C04F79EFBC}") = "MetodaFalsi", ".\MetodyNumeryczne\MetodaFalsi\MetodaFalsi\MetodaFalsi.csproj", "{B4F0B142-77F8-42DF-8930-5CDEA66F9943}"
EndProject
Project("{FAE04EC0-301F-11D3-BF4B-00C04F79EFBC}") = "MetodaMilne", ".\MetodyNumeryczne\MetodaMilne\MetodaMilne\MetodaMilne.csproj", "{14A78927-2DC8-4F47-BB10-B7F42EF49280}"
EndProject
Project("{FAE04EC0-301F-11D3-BF4B-00C04F79EFBC}") = "MetodaSiecznych", ".\MetodyNumeryczne\MetodaSiecznych\MetodaSiecznych\MetodaSiecznych.csproj", "{608442E6-6754-46A0-94E6-DD216A21D1B5}"
EndProject
Project("{FAE04EC0-301F-11D3-BF4B-00C04F79EFBC}") = "MetodaSimpsona", ".\MetodyNumeryczne\MetodaSimpsona\MetodaSimpsona\MetodaSimpsona.csproj", "{33D76257-8CAA-41C3-96B5-2749B441FBE7}"
EndProject
Project("{FAE04EC0-301F-11D3-BF4B-00C04F79EFBC}") = "MetodaSimpsonaZlozona", ".\MetodyNumeryczne\MetodaSimpsonaZlozona\MetodaSimpsonaZlozona\MetodaSimpsonaZlozona.csproj", "{20D2BD0A-348C-4664-A6B3-4AF4F9A4E080}"
EndProject
Project("{FAE04EC0-301F-11D3-BF4B-00C04F79EFBC}") = "MetodaStycznych", ".\MetodyNumeryczne\MetodaStycznych\MetodaStycznych\MetodaStycznych.csproj", "{E7BC7F0B-659A-4FEB-98D2-BFC04BFB5EF7}"
EndProject
Project("{FAE04EC0-301F-11D3-BF4B-00C04F79EFBC}") = "MetodaTrapezow", ".\MetodyNumeryczne\MetodaTrapezow\MetodaTrapezow\MetodaTrapezow.csproj", "{5821C269-0C4F-4726-93B7-E00372CB5933}"
EndProject
Project("{FAE04EC0-301F-11D3-BF4B-00C04F79EFBC}") = "MetodaZlozonychTrapezow", ".\MetodyNumeryczne\MetodaZlozonychTrapezow\MetodaZlozonychTrapezow\MetodaZlozonychTrapezow.csproj", "{9B5C3D8C-84FA-46CF-80EF-510B4A41B769}"
EndProject
Project("{2150E333-8FDC-42A3-9474-1A3956D46DE8}") = "Interpolacja", "Interpolacja", "{607DE176-4015-4EC8-9573-E4D84982F701}"
EndProject
Project("{2150E333-8FDC-42A3-9474-1A3956D46DE8}") = "Calki", "Calki", "{86FB6BB8-99DB-4386-B08B-0C5356913556}"
EndProject
Project("{2150E333-8FDC-42A3-9474-1A3956D46DE8}") = "Rownania", "Rownania", "{5F12AAC4-2011-4985-A221-3C049AAF2C44}"
EndProject
Global
	GlobalSection(SolutionConfigurationPlatforms) = preSolution
		Debug|Any CPU = Debug|Any CPU
		Release|Any CPU = Release|Any CPU
	EndGlobalSection
	GlobalSection(ProjectConfigurationPlatforms) = postSolution
		{7D56C094-2F84-4C66-940C-AF4EF056412B}.Debug|Any CPU.ActiveCfg = Debug|Any CPU
		{7D56C094-2F84-4C66-940C-AF4EF056412B}.Debug|Any CPU.Build.0 = Debug|Any CPU
		{7D56C094-2F84-4C66-940C-AF4EF056412B}.Release|Any CPU.ActiveCfg = Release|Any CPU
		{7D56C094-2F84-4C66-940C-AF4EF056412B}.Release|Any CPU.Build.0 = Release|Any CPU
		{04C42A95-DAF4-4FA2-953B-E3FC6C87C850}.Debug|Any CPU.ActiveCfg = Debug|Any CPU
		{04C42A95-DAF4-4FA2-953B-E3FC6C87C850}.Debug|Any CPU.Build.0 = Debug|Any CPU
		{04C42A95-DAF4-4FA2-953B-E3FC6C87C850}.Release|Any CPU.ActiveCfg = Release|Any CPU
		{04C42A95-DAF4-4FA2-953B-E3FC6C87C850}.Release|Any CPU.Build.0 = Release|Any CPU
		{98BC41F5-6C96-4B44-8AC0-C8A99B70C1F1}.Debug|Any CPU.ActiveCfg = Debug|Any CPU
		{98BC41F5-6C96-4B44-8AC0-C8A99B70C1F1}.Debug|Any CPU.Build.0 = Debug|Any CPU
		{98BC41F5-6C96-4B44-8AC0-C8A99B70C1F1}.Release|Any CPU.ActiveCfg = Release|Any CPU
		{98BC41F5-6C96-4B44-8AC0-C8A99B70C1F1}.Release|Any CPU.Build.0 = Release|Any CPU
		{38BD7F5A-5B46-4626-A476-BDB0D929B3DD}.Debug|Any CPU.ActiveCfg = Debug|Any CPU
		{38BD7F5A-5B46-4626-A476-BDB0D929B3DD}.Debug|Any CPU.Build.0 = Debug|Any CPU
		{38BD7F5A-5B46-4626-A476-BDB0D929B3DD}.Release|Any CPU.ActiveCfg = Release|Any CPU
		{38BD7F5A-5B46-4626-A476-BDB0D929B3DD}.Release|Any CPU.Build.0 = Release|Any CPU
		{159B91A8-884D-411E-96B6-B85EC74E83CA}.Debug|Any CPU.ActiveCfg = Debug|Any CPU
		{159B91A8-884D-411E-96B6-B85EC74E83CA}.Debug|Any CPU.Build.0 = Debug|Any CPU
		{159B91A8-884D-411E-96B6-B85EC74E83CA}.Release|Any CPU.ActiveCfg = Release|Any CPU
		{159B91A8-884D-411E-96B6-B85EC74E83CA}.Release|Any CPU.Build.0 = Release|Any CPU
		{B4F0B142-77F8-42DF-8930-5CDEA66F9943}.Debug|Any CPU.ActiveCfg = Debug|Any CPU
		{B4F0B142-77F8-42DF-8930-5CDEA66F9943}.Debug|Any CPU.Build.0 = Debug|Any CPU
		{B4F0B142-77F8-42DF-8930-5CDEA66F9943}.Release|Any CPU.ActiveCfg = Release|Any CPU
		{B4F0B142-77F8-42DF-8930-5CDEA66F9943}.Release|Any CPU.Build.0 = Release|Any CPU
		{14A78927-2DC8-4F47-BB10-B7F42EF49280}.Debug|Any CPU.ActiveCfg = Debug|Any CPU
		{14A78927-2DC8-4F47-BB10-B7F42EF49280}.Debug|Any CPU.Build.0 = Debug|Any CPU
		{14A78927-2DC8-4F47-BB10-B7F42EF49280}.Release|Any CPU.ActiveCfg = Release|Any CPU
		{14A78927-2DC8-4F47-BB10-B7F42EF49280}.Release|Any CPU.Build.0 = Release|Any CPU
		{608442E6-6754-46A0-94E6-DD216A21D1B5}.Debug|Any CPU.ActiveCfg = Debug|Any CPU
		{608442E6-6754-46A0-94E6-DD216A21D1B5}.Debug|Any CPU.Build.0 = Debug|Any CPU
		{608442E6-6754-46A0-94E6-DD216A21D1B5}.Release|Any CPU.ActiveCfg = Release|Any CPU
		{608442E6-6754-46A0-94E6-DD216A21D1B5}.Release|Any CPU.Build.0 = Release|Any CPU
		{33D76257-8CAA-41C3-96B5-2749B441FBE7}.Debug|Any CPU.ActiveCfg = Debug|Any CPU
		{33D76257-8CAA-41C3-96B5-2749B441FBE7}.Debug|Any CPU.Build.0 = Debug|Any CPU
		{33D76257-8CAA-41C3-96B5-2749B441FBE7}.Release|Any CPU.ActiveCfg = Release|Any CPU
		{33D76257-8CAA-41C3-96B5-2749B441FBE7}.Release|Any CPU.Build.0 = Release|Any CPU
		{20D2BD0A-348C-4664-A6B3-4AF4F9A4E080}.Debug|Any CPU.ActiveCfg = Debug|Any CPU
		{20D2BD0A-348C-4664-A6B3-4AF4F9A4E080}.Debug|Any CPU.Build.0 = Debug|Any CPU
		{20D2BD0A-348C-4664-A6B3-4AF4F9A4E080}.Release|Any CPU.ActiveCfg = Release|Any CPU
		{20D2BD0A-348C-4664-A6B3-4AF4F9A4E080}.Release|Any CPU.Build.0 = Release|Any CPU
		{E7BC7F0B-659A-4FEB-98D2-BFC04BFB5EF7}.Debug|Any CPU.ActiveCfg = Debug|Any CPU
		{E7BC7F0B-659A-4FEB-98D2-BFC04BFB5EF7}.Debug|Any CPU.Build.0 = Debug|Any CPU
		{E7BC7F0B-659A-4FEB-98D2-BFC04BFB5EF7}.Release|Any CPU.ActiveCfg = Release|Any CPU
		{E7BC7F0B-659A-4FEB-98D2-BFC04BFB5EF7}.Release|Any CPU.Build.0 = Release|Any CPU
		{5821C269-0C4F-4726-93B7-E00372CB5933}.Debug|Any CPU.ActiveCfg = Debug|Any CPU
		{5821C269-0C4F-4726-93B7-E00372CB5933}.Debug|Any CPU.Build.0 = Debug|Any CPU
		{5821C269-0C4F-4726-93B7-E00372CB5933}.Release|Any CPU.ActiveCfg = Release|Any CPU
		{5821C269-0C4F-4726-93B7-E00372CB5933}.Release|Any CPU.Build.0 = Release|Any CPU
		{9B5C3D8C-84FA-46CF-80EF-510B4A41B769}.Debug|Any CPU.ActiveCfg = Debug|Any CPU
		{9B5C3D8C-84FA-46CF-80EF-510B4A41B769}.Debug|Any CPU.Build.0 = Debug|Any CPU
		{9B5C3D8C-84FA-46CF-80EF-510B4A41B769}.Release|Any CPU.ActiveCfg = Release|Any CPU
		{9B5C3D8C-84FA-46CF-80EF-510B4A41B769}.Release|Any CPU.Build.0 = Release|Any CPU
	EndGlobalSection
	GlobalSection(SolutionProperties) = preSolution
		HideSolutionNode = FALSE
	EndGlobalSection
	GlobalSection(NestedProjects) = preSolution
		{7D56C094-2F84-4C66-940C-AF4EF056412B} = {607DE176-4015-4EC8-9573-E4D84982F701}
		{04C42A95-DAF4-4FA2-953B-E3FC6C87C850} = {607DE176-4015-4EC8-9573-E4D84982F701}
		{98BC41F5-6C96-4B44-8AC0-C8A99B70C1F1} = {607DE176-4015-4EC8-9573-E4D84982F701}
		{38BD7F5A-5B46-4626-A476-BDB0D929B3DD} = {607DE176-4015-4EC8-9573-E4D84982F701}
		{159B91A8-884D-411E-96B6-B85EC74E83CA} = {5F12AAC4-2011-4985-A221-3C049AAF2C44}
		{B4F0B142-77F8-42DF-8930-5CDEA66F9943} = {5F12AAC4-2011-4985-A221-3C049AAF2C44}
		{14A78927-2DC8-4F47-BB10-B7F42EF49280} = {86FB6BB8-99DB-4386-B08B-0C5356913556}
		{608442E6-6754-46A0-94E6-DD216A21D1B5} = {5F12AAC4-2011-4985-A221-3C049AAF2C44}
		{33D76257-8CAA-41C3-96B5-2749B441FBE7} = {86FB6BB8-99DB-4386-B08B-0C5356913556}
		{20D2BD0A-348C-4664-A6B3-4AF4F9A4E080} = {86FB6BB8-99DB-4386-B08B-0C5356913556}
		{E7BC7F0B-659A-4FEB-98D2-BFC04BFB5EF7} = {5F12AAC4-2011-4985-A221-3C049AAF2C44}
		{5821C269-0C4F-4726-93B7-E00372CB5933} = {86FB6BB8-99DB-4386-B08B-0C5356913556}
		{9B5C3D8C-84FA-46CF-80EF-510B4A41B769} = {86FB6BB8-99DB-4386-B08B-0C5356913556}
	EndGlobalSection
	GlobalSection(ExtensibilityGlobals) = postSolution
		SolutionGuid = {25D68FBA-D3D6-4054-B47B-06BBC66C6C92}
	EndGlobalSection
EndGlobal
