
Microsoft Visual Studio Solution File, Format Version 12.00
# Visual Studio 15
VisualStudioVersion = 15.0.27004.2005
MinimumVisualStudioVersion = 10.0.40219.1
Project("{FAE04EC0-301F-11D3-BF4B-00C04F79EFBC}") = "MetodaTrapezow", "MetodaTrapezow\MetodaTrapezow.csproj", "{5821C269-0C4F-4726-93B7-E00372CB5933}"
EndProject
Global
	GlobalSection(SolutionConfigurationPlatforms) = preSolution
		Debug|Any CPU = Debug|Any CPU
		Release|Any CPU = Release|Any CPU
	EndGlobalSection
	GlobalSection(ProjectConfigurationPlatforms) = postSolution
		{5821C269-0C4F-4726-93B7-E00372CB5933}.Debug|Any CPU.ActiveCfg = Debug|Any CPU
		{5821C269-0C4F-4726-93B7-E00372CB5933}.Debug|Any CPU.Build.0 = Debug|Any CPU
		{5821C269-0C4F-4726-93B7-E00372CB5933}.Release|Any CPU.ActiveCfg = Release|Any CPU
		{5821C269-0C4F-4726-93B7-E00372CB5933}.Release|Any CPU.Build.0 = Release|Any CPU
	EndGlobalSection
	GlobalSection(SolutionProperties) = preSolution
		HideSolutionNode = FALSE
	EndGlobalSection
	GlobalSection(ExtensibilityGlobals) = postSolution
		SolutionGuid = {E493F43F-B589-404B-ABF2-3DB934FF6449}
	EndGlobalSection
EndGlobal
