
Microsoft Visual Studio Solution File, Format Version 12.00
# Visual Studio 15
VisualStudioVersion = 15.0.27004.2005
MinimumVisualStudioVersion = 10.0.40219.1
Project("{FAE04EC0-301F-11D3-BF4B-00C04F79EFBC}") = "MetodaSiecznych", "MetodaSiecznych\MetodaSiecznych.csproj", "{608442E6-6754-46A0-94E6-DD216A21D1B5}"
EndProject
Global
	GlobalSection(SolutionConfigurationPlatforms) = preSolution
		Debug|Any CPU = Debug|Any CPU
		Release|Any CPU = Release|Any CPU
	EndGlobalSection
	GlobalSection(ProjectConfigurationPlatforms) = postSolution
		{608442E6-6754-46A0-94E6-DD216A21D1B5}.Debug|Any CPU.ActiveCfg = Debug|Any CPU
		{608442E6-6754-46A0-94E6-DD216A21D1B5}.Debug|Any CPU.Build.0 = Debug|Any CPU
		{608442E6-6754-46A0-94E6-DD216A21D1B5}.Release|Any CPU.ActiveCfg = Release|Any CPU
		{608442E6-6754-46A0-94E6-DD216A21D1B5}.Release|Any CPU.Build.0 = Release|Any CPU
	EndGlobalSection
	GlobalSection(SolutionProperties) = preSolution
		HideSolutionNode = FALSE
	EndGlobalSection
	GlobalSection(ExtensibilityGlobals) = postSolution
		SolutionGuid = {0D71D7D9-F77A-4630-BAF4-87EE68C10808}
	EndGlobalSection
EndGlobal
