
Microsoft Visual Studio Solution File, Format Version 12.00
# Visual Studio 15
VisualStudioVersion = 15.0.27004.2005
MinimumVisualStudioVersion = 10.0.40219.1
Project("{FAE04EC0-301F-11D3-BF4B-00C04F79EFBC}") = "KwadraturyInterpolacyjne", "KwadraturyInterpolacyjne\KwadraturyInterpolacyjne.csproj", "{601104EB-74C7-4714-B3F2-CD8F0FB96701}"
EndProject
Global
	GlobalSection(SolutionConfigurationPlatforms) = preSolution
		Debug|Any CPU = Debug|Any CPU
		Release|Any CPU = Release|Any CPU
	EndGlobalSection
	GlobalSection(ProjectConfigurationPlatforms) = postSolution
		{601104EB-74C7-4714-B3F2-CD8F0FB96701}.Debug|Any CPU.ActiveCfg = Debug|Any CPU
		{601104EB-74C7-4714-B3F2-CD8F0FB96701}.Debug|Any CPU.Build.0 = Debug|Any CPU
		{601104EB-74C7-4714-B3F2-CD8F0FB96701}.Release|Any CPU.ActiveCfg = Release|Any CPU
		{601104EB-74C7-4714-B3F2-CD8F0FB96701}.Release|Any CPU.Build.0 = Release|Any CPU
	EndGlobalSection
	GlobalSection(SolutionProperties) = preSolution
		HideSolutionNode = FALSE
	EndGlobalSection
	GlobalSection(ExtensibilityGlobals) = postSolution
		SolutionGuid = {D9D3E8C6-942C-4F18-9BE5-597BF742BC46}
	EndGlobalSection
EndGlobal
